
Microsoft Visual Studio Solution File, Format Version 12.00
# Visual Studio Version 17
VisualStudioVersion = 17.2.32505.173
MinimumVisualStudioVersion = 10.0.40219.1
Project("{9A19103F-16F7-4668-BE54-9A1E7A4F7556}") = "BlazorApp", "BlazorApp.csproj", "{B2BA190B-5B5F-4253-ACCD-8AB75DC2BFE6}"
EndProject
Global
	GlobalSection(SolutionConfigurationPlatforms) = preSolution
		Debug|Any CPU = Debug|Any CPU
		Release|Any CPU = Release|Any CPU
	EndGlobalSection
	GlobalSection(ProjectConfigurationPlatforms) = postSolution
		{B2BA190B-5B5F-4253-ACCD-8AB75DC2BFE6}.Debug|Any CPU.ActiveCfg = Debug|Any CPU
		{B2BA190B-5B5F-4253-ACCD-8AB75DC2BFE6}.Debug|Any CPU.Build.0 = Debug|Any CPU
		{B2BA190B-5B5F-4253-ACCD-8AB75DC2BFE6}.Release|Any CPU.ActiveCfg = Release|Any CPU
		{B2BA190B-5B5F-4253-ACCD-8AB75DC2BFE6}.Release|Any CPU.Build.0 = Release|Any CPU
	EndGlobalSection
	GlobalSection(SolutionProperties) = preSolution
		HideSolutionNode = FALSE
	EndGlobalSection
	GlobalSection(ExtensibilityGlobals) = postSolution
		SolutionGuid = {D07816AF-4CDA-4D26-870E-BE15613C1CF9}
	EndGlobalSection
EndGlobal
